
Microsoft Visual Studio Solution File, Format Version 12.00
# Visual Studio Version 16
VisualStudioVersion = 16.0.31624.102
MinimumVisualStudioVersion = 10.0.40219.1
Project("{FAE04EC0-301F-11D3-BF4B-00C04F79EFBC}") = "PokerProject", "PokerProject\PokerProject.csproj", "{7CD49F2F-C4FA-4228-8140-70BDD86C863C}"
EndProject
Project("{2150E333-8FDC-42A3-9474-1A3956D46DE8}") = "Resources", "Resources", "{9C7888DD-B663-4B1B-AFF4-2CEDB8493284}"
	ProjectSection(SolutionItems) = preProject
		..\..\..\PNG-cards-1.3\PNG-cards-1.3\10_of_clubs.png = ..\..\..\PNG-cards-1.3\PNG-cards-1.3\10_of_clubs.png
		..\..\..\PNG-cards-1.3\PNG-cards-1.3\10_of_diamonds.png = ..\..\..\PNG-cards-1.3\PNG-cards-1.3\10_of_diamonds.png
		..\..\..\PNG-cards-1.3\PNG-cards-1.3\10_of_hearts.png = ..\..\..\PNG-cards-1.3\PNG-cards-1.3\10_of_hearts.png
		..\..\..\PNG-cards-1.3\PNG-cards-1.3\10_of_spades.png = ..\..\..\PNG-cards-1.3\PNG-cards-1.3\10_of_spades.png
		..\..\..\PNG-cards-1.3\PNG-cards-1.3\2_of_clubs.png = ..\..\..\PNG-cards-1.3\PNG-cards-1.3\2_of_clubs.png
		..\..\..\PNG-cards-1.3\PNG-cards-1.3\2_of_diamonds.png = ..\..\..\PNG-cards-1.3\PNG-cards-1.3\2_of_diamonds.png
		..\..\..\PNG-cards-1.3\PNG-cards-1.3\2_of_hearts.png = ..\..\..\PNG-cards-1.3\PNG-cards-1.3\2_of_hearts.png
		..\..\..\PNG-cards-1.3\PNG-cards-1.3\2_of_spades.png = ..\..\..\PNG-cards-1.3\PNG-cards-1.3\2_of_spades.png
		..\..\..\PNG-cards-1.3\PNG-cards-1.3\3_of_clubs.png = ..\..\..\PNG-cards-1.3\PNG-cards-1.3\3_of_clubs.png
		..\..\..\PNG-cards-1.3\PNG-cards-1.3\3_of_diamonds.png = ..\..\..\PNG-cards-1.3\PNG-cards-1.3\3_of_diamonds.png
		..\..\..\PNG-cards-1.3\PNG-cards-1.3\3_of_hearts.png = ..\..\..\PNG-cards-1.3\PNG-cards-1.3\3_of_hearts.png
		..\..\..\PNG-cards-1.3\PNG-cards-1.3\3_of_spades.png = ..\..\..\PNG-cards-1.3\PNG-cards-1.3\3_of_spades.png
		..\..\..\PNG-cards-1.3\PNG-cards-1.3\4_of_clubs.png = ..\..\..\PNG-cards-1.3\PNG-cards-1.3\4_of_clubs.png
		..\..\..\PNG-cards-1.3\PNG-cards-1.3\4_of_diamonds.png = ..\..\..\PNG-cards-1.3\PNG-cards-1.3\4_of_diamonds.png
		..\..\..\PNG-cards-1.3\PNG-cards-1.3\4_of_hearts.png = ..\..\..\PNG-cards-1.3\PNG-cards-1.3\4_of_hearts.png
		..\..\..\PNG-cards-1.3\PNG-cards-1.3\4_of_spades.png = ..\..\..\PNG-cards-1.3\PNG-cards-1.3\4_of_spades.png
		..\..\..\PNG-cards-1.3\PNG-cards-1.3\5_of_clubs.png = ..\..\..\PNG-cards-1.3\PNG-cards-1.3\5_of_clubs.png
		..\..\..\PNG-cards-1.3\PNG-cards-1.3\5_of_diamonds.png = ..\..\..\PNG-cards-1.3\PNG-cards-1.3\5_of_diamonds.png
		..\..\..\PNG-cards-1.3\PNG-cards-1.3\5_of_hearts.png = ..\..\..\PNG-cards-1.3\PNG-cards-1.3\5_of_hearts.png
		..\..\..\PNG-cards-1.3\PNG-cards-1.3\5_of_spades.png = ..\..\..\PNG-cards-1.3\PNG-cards-1.3\5_of_spades.png
		..\..\..\PNG-cards-1.3\PNG-cards-1.3\6_of_clubs.png = ..\..\..\PNG-cards-1.3\PNG-cards-1.3\6_of_clubs.png
		..\..\..\PNG-cards-1.3\PNG-cards-1.3\6_of_diamonds.png = ..\..\..\PNG-cards-1.3\PNG-cards-1.3\6_of_diamonds.png
		..\..\..\PNG-cards-1.3\PNG-cards-1.3\6_of_hearts.png = ..\..\..\PNG-cards-1.3\PNG-cards-1.3\6_of_hearts.png
		..\..\..\PNG-cards-1.3\PNG-cards-1.3\6_of_spades.png = ..\..\..\PNG-cards-1.3\PNG-cards-1.3\6_of_spades.png
		..\..\..\PNG-cards-1.3\PNG-cards-1.3\7_of_clubs.png = ..\..\..\PNG-cards-1.3\PNG-cards-1.3\7_of_clubs.png
		..\..\..\PNG-cards-1.3\PNG-cards-1.3\7_of_diamonds.png = ..\..\..\PNG-cards-1.3\PNG-cards-1.3\7_of_diamonds.png
		..\..\..\PNG-cards-1.3\PNG-cards-1.3\7_of_hearts.png = ..\..\..\PNG-cards-1.3\PNG-cards-1.3\7_of_hearts.png
		..\..\..\PNG-cards-1.3\PNG-cards-1.3\7_of_spades.png = ..\..\..\PNG-cards-1.3\PNG-cards-1.3\7_of_spades.png
		..\..\..\PNG-cards-1.3\PNG-cards-1.3\8_of_clubs.png = ..\..\..\PNG-cards-1.3\PNG-cards-1.3\8_of_clubs.png
		..\..\..\PNG-cards-1.3\PNG-cards-1.3\8_of_diamonds.png = ..\..\..\PNG-cards-1.3\PNG-cards-1.3\8_of_diamonds.png
		..\..\..\PNG-cards-1.3\PNG-cards-1.3\8_of_hearts.png = ..\..\..\PNG-cards-1.3\PNG-cards-1.3\8_of_hearts.png
		..\..\..\PNG-cards-1.3\PNG-cards-1.3\8_of_spades.png = ..\..\..\PNG-cards-1.3\PNG-cards-1.3\8_of_spades.png
		..\..\..\PNG-cards-1.3\PNG-cards-1.3\9_of_clubs.png = ..\..\..\PNG-cards-1.3\PNG-cards-1.3\9_of_clubs.png
		..\..\..\PNG-cards-1.3\PNG-cards-1.3\9_of_diamonds.png = ..\..\..\PNG-cards-1.3\PNG-cards-1.3\9_of_diamonds.png
		..\..\..\PNG-cards-1.3\PNG-cards-1.3\9_of_hearts.png = ..\..\..\PNG-cards-1.3\PNG-cards-1.3\9_of_hearts.png
		..\..\..\PNG-cards-1.3\PNG-cards-1.3\9_of_spades.png = ..\..\..\PNG-cards-1.3\PNG-cards-1.3\9_of_spades.png
		..\..\..\PNG-cards-1.3\PNG-cards-1.3\ace_of_clubs.png = ..\..\..\PNG-cards-1.3\PNG-cards-1.3\ace_of_clubs.png
		..\..\..\PNG-cards-1.3\PNG-cards-1.3\ace_of_diamonds.png = ..\..\..\PNG-cards-1.3\PNG-cards-1.3\ace_of_diamonds.png
		..\..\..\PNG-cards-1.3\PNG-cards-1.3\ace_of_hearts.png = ..\..\..\PNG-cards-1.3\PNG-cards-1.3\ace_of_hearts.png
		..\..\..\PNG-cards-1.3\PNG-cards-1.3\ace_of_spades.png = ..\..\..\PNG-cards-1.3\PNG-cards-1.3\ace_of_spades.png
		..\..\..\PNG-cards-1.3\PNG-cards-1.3\ace_of_spades2.png = ..\..\..\PNG-cards-1.3\PNG-cards-1.3\ace_of_spades2.png
		..\..\..\PNG-cards-1.3\PNG-cards-1.3\black_joker.png = ..\..\..\PNG-cards-1.3\PNG-cards-1.3\black_joker.png
		..\..\..\PNG-cards-1.3\PNG-cards-1.3\jack_of_clubs.png = ..\..\..\PNG-cards-1.3\PNG-cards-1.3\jack_of_clubs.png
		..\..\..\PNG-cards-1.3\PNG-cards-1.3\jack_of_clubs2.png = ..\..\..\PNG-cards-1.3\PNG-cards-1.3\jack_of_clubs2.png
		..\..\..\PNG-cards-1.3\PNG-cards-1.3\jack_of_diamonds.png = ..\..\..\PNG-cards-1.3\PNG-cards-1.3\jack_of_diamonds.png
		..\..\..\PNG-cards-1.3\PNG-cards-1.3\jack_of_diamonds2.png = ..\..\..\PNG-cards-1.3\PNG-cards-1.3\jack_of_diamonds2.png
		..\..\..\PNG-cards-1.3\PNG-cards-1.3\jack_of_hearts.png = ..\..\..\PNG-cards-1.3\PNG-cards-1.3\jack_of_hearts.png
		..\..\..\PNG-cards-1.3\PNG-cards-1.3\jack_of_hearts2.png = ..\..\..\PNG-cards-1.3\PNG-cards-1.3\jack_of_hearts2.png
		..\..\..\PNG-cards-1.3\PNG-cards-1.3\jack_of_spades.png = ..\..\..\PNG-cards-1.3\PNG-cards-1.3\jack_of_spades.png
		..\..\..\PNG-cards-1.3\PNG-cards-1.3\jack_of_spades2.png = ..\..\..\PNG-cards-1.3\PNG-cards-1.3\jack_of_spades2.png
		..\..\..\PNG-cards-1.3\PNG-cards-1.3\king_of_clubs.png = ..\..\..\PNG-cards-1.3\PNG-cards-1.3\king_of_clubs.png
		..\..\..\PNG-cards-1.3\PNG-cards-1.3\king_of_clubs2.png = ..\..\..\PNG-cards-1.3\PNG-cards-1.3\king_of_clubs2.png
		..\..\..\PNG-cards-1.3\PNG-cards-1.3\king_of_diamonds.png = ..\..\..\PNG-cards-1.3\PNG-cards-1.3\king_of_diamonds.png
		..\..\..\PNG-cards-1.3\PNG-cards-1.3\king_of_diamonds2.png = ..\..\..\PNG-cards-1.3\PNG-cards-1.3\king_of_diamonds2.png
		..\..\..\PNG-cards-1.3\PNG-cards-1.3\king_of_hearts.png = ..\..\..\PNG-cards-1.3\PNG-cards-1.3\king_of_hearts.png
		..\..\..\PNG-cards-1.3\PNG-cards-1.3\king_of_hearts2.png = ..\..\..\PNG-cards-1.3\PNG-cards-1.3\king_of_hearts2.png
		..\..\..\PNG-cards-1.3\PNG-cards-1.3\king_of_spades.png = ..\..\..\PNG-cards-1.3\PNG-cards-1.3\king_of_spades.png
		..\..\..\PNG-cards-1.3\PNG-cards-1.3\king_of_spades2.png = ..\..\..\PNG-cards-1.3\PNG-cards-1.3\king_of_spades2.png
		..\..\..\PNG-cards-1.3\PNG-cards-1.3\queen_of_clubs.png = ..\..\..\PNG-cards-1.3\PNG-cards-1.3\queen_of_clubs.png
		..\..\..\PNG-cards-1.3\PNG-cards-1.3\queen_of_clubs2.png = ..\..\..\PNG-cards-1.3\PNG-cards-1.3\queen_of_clubs2.png
		..\..\..\PNG-cards-1.3\PNG-cards-1.3\queen_of_diamonds.png = ..\..\..\PNG-cards-1.3\PNG-cards-1.3\queen_of_diamonds.png
		..\..\..\PNG-cards-1.3\PNG-cards-1.3\queen_of_diamonds2.png = ..\..\..\PNG-cards-1.3\PNG-cards-1.3\queen_of_diamonds2.png
		..\..\..\PNG-cards-1.3\PNG-cards-1.3\queen_of_hearts.png = ..\..\..\PNG-cards-1.3\PNG-cards-1.3\queen_of_hearts.png
		..\..\..\PNG-cards-1.3\PNG-cards-1.3\queen_of_hearts2.png = ..\..\..\PNG-cards-1.3\PNG-cards-1.3\queen_of_hearts2.png
		..\..\..\PNG-cards-1.3\PNG-cards-1.3\queen_of_spades.png = ..\..\..\PNG-cards-1.3\PNG-cards-1.3\queen_of_spades.png
		..\..\..\PNG-cards-1.3\PNG-cards-1.3\queen_of_spades2.png = ..\..\..\PNG-cards-1.3\PNG-cards-1.3\queen_of_spades2.png
		..\..\..\PNG-cards-1.3\PNG-cards-1.3\red_joker.png = ..\..\..\PNG-cards-1.3\PNG-cards-1.3\red_joker.png
	EndProjectSection
EndProject
Global
	GlobalSection(SolutionConfigurationPlatforms) = preSolution
		Debug|Any CPU = Debug|Any CPU
		Release|Any CPU = Release|Any CPU
	EndGlobalSection
	GlobalSection(ProjectConfigurationPlatforms) = postSolution
		{7CD49F2F-C4FA-4228-8140-70BDD86C863C}.Debug|Any CPU.ActiveCfg = Debug|Any CPU
		{7CD49F2F-C4FA-4228-8140-70BDD86C863C}.Debug|Any CPU.Build.0 = Debug|Any CPU
		{7CD49F2F-C4FA-4228-8140-70BDD86C863C}.Release|Any CPU.ActiveCfg = Release|Any CPU
		{7CD49F2F-C4FA-4228-8140-70BDD86C863C}.Release|Any CPU.Build.0 = Release|Any CPU
	EndGlobalSection
	GlobalSection(SolutionProperties) = preSolution
		HideSolutionNode = FALSE
	EndGlobalSection
	GlobalSection(ExtensibilityGlobals) = postSolution
		SolutionGuid = {C8009BE9-A424-4358-8C21-26D1CB6D430F}
	EndGlobalSection
EndGlobal
